// !$*UTF8*$!
{
	archiveVersion = 1;
	classes = {
	};
	objectVersion = 56;
	objects = {

/* Begin PBXBuildFile section */
		185D08332A8A2D900098C5D0 /* AppDelegate.swift in Sources */ = {isa = PBXBuildFile; fileRef = 185D08322A8A2D900098C5D0 /* AppDelegate.swift */; };
		185D08352A8A2D900098C5D0 /* SceneDelegate.swift in Sources */ = {isa = PBXBuildFile; fileRef = 185D08342A8A2D900098C5D0 /* SceneDelegate.swift */; };
		185D08372A8A2D900098C5D0 /* ViewController.swift in Sources */ = {isa = PBXBuildFile; fileRef = 185D08362A8A2D900098C5D0 /* ViewController.swift */; };
		185D083A2A8A2D900098C5D0 /* Main.storyboard in Resources */ = {isa = PBXBuildFile; fileRef = 185D08382A8A2D900098C5D0 /* Main.storyboard */; };
		185D083C2A8A2D920098C5D0 /* Assets.xcassets in Resources */ = {isa = PBXBuildFile; fileRef = 185D083B2A8A2D920098C5D0 /* Assets.xcassets */; };
		185D083F2A8A2D920098C5D0 /* LaunchScreen.storyboard in Resources */ = {isa = PBXBuildFile; fileRef = 185D083D2A8A2D920098C5D0 /* LaunchScreen.storyboard */; };
		185D084A2A8A2DEC0098C5D0 /* HeadlineJSONModel.swift in Sources */ = {isa = PBXBuildFile; fileRef = 185D08492A8A2DEC0098C5D0 /* HeadlineJSONModel.swift */; };
		185D084C2A8A2DFA0098C5D0 /* HeadlineViewModel.swift in Sources */ = {isa = PBXBuildFile; fileRef = 185D084B2A8A2DFA0098C5D0 /* HeadlineViewModel.swift */; };
		185D084F2A8A2F900098C5D0 /* APIManager.swift in Sources */ = {isa = PBXBuildFile; fileRef = 185D084E2A8A2F900098C5D0 /* APIManager.swift */; };
		185D08512A8A2FD80098C5D0 /* EndPoint.swift in Sources */ = {isa = PBXBuildFile; fileRef = 185D08502A8A2FD80098C5D0 /* EndPoint.swift */; };
		185D08582A8A372F0098C5D0 /* NEWSTableViewCell.swift in Sources */ = {isa = PBXBuildFile; fileRef = 185D08562A8A372F0098C5D0 /* NEWSTableViewCell.swift */; };
		185D08592A8A372F0098C5D0 /* NEWSTableViewCell.xib in Resources */ = {isa = PBXBuildFile; fileRef = 185D08572A8A372F0098C5D0 /* NEWSTableViewCell.xib */; };
		185D08622A8A3F020098C5D0 /* DetailViewController.swift in Sources */ = {isa = PBXBuildFile; fileRef = 185D08612A8A3F020098C5D0 /* DetailViewController.swift */; };
		185D08652A8A3F970098C5D0 /* DetailCellTableViewCell.swift in Sources */ = {isa = PBXBuildFile; fileRef = 185D08632A8A3F970098C5D0 /* DetailCellTableViewCell.swift */; };
		185D08662A8A3F970098C5D0 /* DetailCellTableViewCell.xib in Resources */ = {isa = PBXBuildFile; fileRef = 185D08642A8A3F970098C5D0 /* DetailCellTableViewCell.xib */; };
		185D086A2A8A48AA0098C5D0 /* ImageDonwloader.swift in Sources */ = {isa = PBXBuildFile; fileRef = 185D08692A8A48AA0098C5D0 /* ImageDonwloader.swift */; };
		185D086E2A8A4C8D0098C5D0 /* WebViewController.swift in Sources */ = {isa = PBXBuildFile; fileRef = 185D086D2A8A4C8D0098C5D0 /* WebViewController.swift */; };
/* End PBXBuildFile section */

/* Begin PBXFileReference section */
		185D082F2A8A2D8F0098C5D0 /* NewsApp.app */ = {isa = PBXFileReference; explicitFileType = wrapper.application; includeInIndex = 0; path = NewsApp.app; sourceTree = BUILT_PRODUCTS_DIR; };
		185D08322A8A2D900098C5D0 /* AppDelegate.swift */ = {isa = PBXFileReference; lastKnownFileType = sourcecode.swift; path = AppDelegate.swift; sourceTree = "<group>"; };
		185D08342A8A2D900098C5D0 /* SceneDelegate.swift */ = {isa = PBXFileReference; lastKnownFileType = sourcecode.swift; path = SceneDelegate.swift; sourceTree = "<group>"; };
		185D08362A8A2D900098C5D0 /* ViewController.swift */ = {isa = PBXFileReference; lastKnownFileType = sourcecode.swift; path = ViewController.swift; sourceTree = "<group>"; };
		185D08392A8A2D900098C5D0 /* Base */ = {isa = PBXFileReference; lastKnownFileType = file.storyboard; name = Base; path = Base.lproj/Main.storyboard; sourceTree = "<group>"; };
		185D083B2A8A2D920098C5D0 /* Assets.xcassets */ = {isa = PBXFileReference; lastKnownFileType = folder.assetcatalog; path = Assets.xcassets; sourceTree = "<group>"; };
		185D083E2A8A2D920098C5D0 /* Base */ = {isa = PBXFileReference; lastKnownFileType = file.storyboard; name = Base; path = Base.lproj/LaunchScreen.storyboard; sourceTree = "<group>"; };
		185D08402A8A2D920098C5D0 /* Info.plist */ = {isa = PBXFileReference; lastKnownFileType = text.plist.xml; path = Info.plist; sourceTree = "<group>"; };
		185D08492A8A2DEC0098C5D0 /* HeadlineJSONModel.swift */ = {isa = PBXFileReference; lastKnownFileType = sourcecode.swift; path = HeadlineJSONModel.swift; sourceTree = "<group>"; };
		185D084B2A8A2DFA0098C5D0 /* HeadlineViewModel.swift */ = {isa = PBXFileReference; lastKnownFileType = sourcecode.swift; path = HeadlineViewModel.swift; sourceTree = "<group>"; };
		185D084E2A8A2F900098C5D0 /* APIManager.swift */ = {isa = PBXFileReference; lastKnownFileType = sourcecode.swift; path = APIManager.swift; sourceTree = "<group>"; };
		185D08502A8A2FD80098C5D0 /* EndPoint.swift */ = {isa = PBXFileReference; lastKnownFileType = sourcecode.swift; path = EndPoint.swift; sourceTree = "<group>"; };
		185D08562A8A372F0098C5D0 /* NEWSTableViewCell.swift */ = {isa = PBXFileReference; lastKnownFileType = sourcecode.swift; path = NEWSTableViewCell.swift; sourceTree = "<group>"; };
		185D08572A8A372F0098C5D0 /* NEWSTableViewCell.xib */ = {isa = PBXFileReference; lastKnownFileType = file.xib; path = NEWSTableViewCell.xib; sourceTree = "<group>"; };
		185D08612A8A3F020098C5D0 /* DetailViewController.swift */ = {isa = PBXFileReference; lastKnownFileType = sourcecode.swift; path = DetailViewController.swift; sourceTree = "<group>"; };
		185D08632A8A3F970098C5D0 /* DetailCellTableViewCell.swift */ = {isa = PBXFileReference; lastKnownFileType = sourcecode.swift; path = DetailCellTableViewCell.swift; sourceTree = "<group>"; };
		185D08642A8A3F970098C5D0 /* DetailCellTableViewCell.xib */ = {isa = PBXFileReference; lastKnownFileType = file.xib; path = DetailCellTableViewCell.xib; sourceTree = "<group>"; };
		185D08692A8A48AA0098C5D0 /* ImageDonwloader.swift */ = {isa = PBXFileReference; lastKnownFileType = sourcecode.swift; path = ImageDonwloader.swift; sourceTree = "<group>"; };
		185D086D2A8A4C8D0098C5D0 /* WebViewController.swift */ = {isa = PBXFileReference; lastKnownFileType = sourcecode.swift; path = WebViewController.swift; sourceTree = "<group>"; };
/* End PBXFileReference section */

/* Begin PBXFrameworksBuildPhase section */
		185D082C2A8A2D8F0098C5D0 /* Frameworks */ = {
			isa = PBXFrameworksBuildPhase;
			buildActionMask = 2147483647;
			files = (
			);
			runOnlyForDeploymentPostprocessing = 0;
		};
/* End PBXFrameworksBuildPhase section */

/* Begin PBXGroup section */
		185D08262A8A2D8F0098C5D0 = {
			isa = PBXGroup;
			children = (
				185D08312A8A2D8F0098C5D0 /* NewsApp */,
				185D08302A8A2D8F0098C5D0 /* Products */,
			);
			sourceTree = "<group>";
		};
		185D08302A8A2D8F0098C5D0 /* Products */ = {
			isa = PBXGroup;
			children = (
				185D082F2A8A2D8F0098C5D0 /* NewsApp.app */,
			);
			name = Products;
			sourceTree = "<group>";
		};
		185D08312A8A2D8F0098C5D0 /* NewsApp */ = {
			isa = PBXGroup;
			children = (
				185D08322A8A2D900098C5D0 /* AppDelegate.swift */,
				185D08342A8A2D900098C5D0 /* SceneDelegate.swift */,
				185D084D2A8A2F840098C5D0 /* Helper */,
				185D085F2A8A3ECC0098C5D0 /* AllController */,
				185D08382A8A2D900098C5D0 /* Main.storyboard */,
				185D083B2A8A2D920098C5D0 /* Assets.xcassets */,
				185D083D2A8A2D920098C5D0 /* LaunchScreen.storyboard */,
				185D08402A8A2D920098C5D0 /* Info.plist */,
			);
			path = NewsApp;
			sourceTree = "<group>";
		};
		185D08462A8A2DA30098C5D0 /* ViewModel */ = {
			isa = PBXGroup;
			children = (
				185D084B2A8A2DFA0098C5D0 /* HeadlineViewModel.swift */,
			);
			path = ViewModel;
			sourceTree = "<group>";
		};
		185D08472A8A2DAB0098C5D0 /* Modal */ = {
			isa = PBXGroup;
			children = (
				185D08492A8A2DEC0098C5D0 /* HeadlineJSONModel.swift */,
			);
			path = Modal;
			sourceTree = "<group>";
		};
		185D08482A8A2DB60098C5D0 /* Controller */ = {
			isa = PBXGroup;
			children = (
				185D08462A8A2DA30098C5D0 /* ViewModel */,
				185D08472A8A2DAB0098C5D0 /* Modal */,
				185D08532A8A36E10098C5D0 /* Cell */,
				185D08362A8A2D900098C5D0 /* ViewController.swift */,
			);
			path = Controller;
			sourceTree = "<group>";
		};
		185D084D2A8A2F840098C5D0 /* Helper */ = {
			isa = PBXGroup;
			children = (
				185D084E2A8A2F900098C5D0 /* APIManager.swift */,
				185D08502A8A2FD80098C5D0 /* EndPoint.swift */,
				185D08692A8A48AA0098C5D0 /* ImageDonwloader.swift */,
			);
			path = Helper;
			sourceTree = "<group>";
		};
		185D08532A8A36E10098C5D0 /* Cell */ = {
			isa = PBXGroup;
			children = (
				185D08562A8A372F0098C5D0 /* NEWSTableViewCell.swift */,
				185D08572A8A372F0098C5D0 /* NEWSTableViewCell.xib */,
			);
			path = Cell;
			sourceTree = "<group>";
		};
		185D085F2A8A3ECC0098C5D0 /* AllController */ = {
			isa = PBXGroup;
			children = (
				185D086C2A8A4C6F0098C5D0 /* DetailWebView */,
				185D08602A8A3EE70098C5D0 /* DetailController */,
				185D08482A8A2DB60098C5D0 /* Controller */,
			);
			path = AllController;
			sourceTree = "<group>";
		};
		185D08602A8A3EE70098C5D0 /* DetailController */ = {
			isa = PBXGroup;
			children = (
				185D086B2A8A4C5E0098C5D0 /* Cell */,
				185D08612A8A3F020098C5D0 /* DetailViewController.swift */,
			);
			path = DetailController;
			sourceTree = "<group>";
		};
		185D086B2A8A4C5E0098C5D0 /* Cell */ = {
			isa = PBXGroup;
			children = (
				185D08632A8A3F970098C5D0 /* DetailCellTableViewCell.swift */,
				185D08642A8A3F970098C5D0 /* DetailCellTableViewCell.xib */,
			);
			path = Cell;
			sourceTree = "<group>";
		};
		185D086C2A8A4C6F0098C5D0 /* DetailWebView */ = {
			isa = PBXGroup;
			children = (
				185D086D2A8A4C8D0098C5D0 /* WebViewController.swift */,
			);
			path = DetailWebView;
			sourceTree = "<group>";
		};
/* End PBXGroup section */

/* Begin PBXNativeTarget section */
		185D082E2A8A2D8F0098C5D0 /* NewsApp */ = {
			isa = PBXNativeTarget;
			buildConfigurationList = 185D08432A8A2D920098C5D0 /* Build configuration list for PBXNativeTarget "NewsApp" */;
			buildPhases = (
				185D082B2A8A2D8F0098C5D0 /* Sources */,
				185D082C2A8A2D8F0098C5D0 /* Frameworks */,
				185D082D2A8A2D8F0098C5D0 /* Resources */,
			);
			buildRules = (
			);
			dependencies = (
			);
			name = NewsApp;
			productName = NewsApp;
			productReference = 185D082F2A8A2D8F0098C5D0 /* NewsApp.app */;
			productType = "com.apple.product-type.application";
		};
/* End PBXNativeTarget section */

/* Begin PBXProject section */
		185D08272A8A2D8F0098C5D0 /* Project object */ = {
			isa = PBXProject;
			attributes = {
				BuildIndependentTargetsInParallel = 1;
				LastSwiftUpdateCheck = 1420;
				LastUpgradeCheck = 1420;
				TargetAttributes = {
					185D082E2A8A2D8F0098C5D0 = {
						CreatedOnToolsVersion = 14.2;
					};
				};
			};
			buildConfigurationList = 185D082A2A8A2D8F0098C5D0 /* Build configuration list for PBXProject "NewsApp" */;
			compatibilityVersion = "Xcode 14.0";
			developmentRegion = en;
			hasScannedForEncodings = 0;
			knownRegions = (
				en,
				Base,
			);
			mainGroup = 185D08262A8A2D8F0098C5D0;
			productRefGroup = 185D08302A8A2D8F0098C5D0 /* Products */;
			projectDirPath = "";
			projectRoot = "";
			targets = (
				185D082E2A8A2D8F0098C5D0 /* NewsApp */,
			);
		};
/* End PBXProject section */

/* Begin PBXResourcesBuildPhase section */
		185D082D2A8A2D8F0098C5D0 /* Resources */ = {
			isa = PBXResourcesBuildPhase;
			buildActionMask = 2147483647;
			files = (
				185D083F2A8A2D920098C5D0 /* LaunchScreen.storyboard in Resources */,
				185D08662A8A3F970098C5D0 /* DetailCellTableViewCell.xib in Resources */,
				185D083C2A8A2D920098C5D0 /* Assets.xcassets in Resources */,
				185D08592A8A372F0098C5D0 /* NEWSTableViewCell.xib in Resources */,
				185D083A2A8A2D900098C5D0 /* Main.storyboard in Resources */,
			);
			runOnlyForDeploymentPostprocessing = 0;
		};
/* End PBXResourcesBuildPhase section */

/* Begin PBXSourcesBuildPhase section */
		185D082B2A8A2D8F0098C5D0 /* Sources */ = {
			isa = PBXSourcesBuildPhase;
			buildActionMask = 2147483647;
			files = (
				185D08652A8A3F970098C5D0 /* DetailCellTableViewCell.swift in Sources */,
				185D08622A8A3F020098C5D0 /* DetailViewController.swift in Sources */,
				185D084F2A8A2F900098C5D0 /* APIManager.swift in Sources */,
				185D084C2A8A2DFA0098C5D0 /* HeadlineViewModel.swift in Sources */,
				185D08582A8A372F0098C5D0 /* NEWSTableViewCell.swift in Sources */,
				185D08372A8A2D900098C5D0 /* ViewController.swift in Sources */,
				185D08332A8A2D900098C5D0 /* AppDelegate.swift in Sources */,
				185D086E2A8A4C8D0098C5D0 /* WebViewController.swift in Sources */,
				185D08352A8A2D900098C5D0 /* SceneDelegate.swift in Sources */,
				185D08512A8A2FD80098C5D0 /* EndPoint.swift in Sources */,
				185D084A2A8A2DEC0098C5D0 /* HeadlineJSONModel.swift in Sources */,
				185D086A2A8A48AA0098C5D0 /* ImageDonwloader.swift in Sources */,
			);
			runOnlyForDeploymentPostprocessing = 0;
		};
/* End PBXSourcesBuildPhase section */

/* Begin PBXVariantGroup section */
		185D08382A8A2D900098C5D0 /* Main.storyboard */ = {
			isa = PBXVariantGroup;
			children = (
				185D08392A8A2D900098C5D0 /* Base */,
			);
			name = Main.storyboard;
			sourceTree = "<group>";
		};
		185D083D2A8A2D920098C5D0 /* LaunchScreen.storyboard */ = {
			isa = PBXVariantGroup;
			children = (
				185D083E2A8A2D920098C5D0 /* Base */,
			);
			name = LaunchScreen.storyboard;
			sourceTree = "<group>";
		};
/* End PBXVariantGroup section */

/* Begin XCBuildConfiguration section */
		185D08412A8A2D920098C5D0 /* Debug */ = {
			isa = XCBuildConfiguration;
			buildSettings = {
				ALWAYS_SEARCH_USER_PATHS = NO;
				CLANG_ANALYZER_NONNULL = YES;
				CLANG_ANALYZER_NUMBER_OBJECT_CONVERSION = YES_AGGRESSIVE;
				CLANG_CXX_LANGUAGE_STANDARD = "gnu++20";
				CLANG_ENABLE_MODULES = YES;
				CLANG_ENABLE_OBJC_ARC = YES;
				CLANG_ENABLE_OBJC_WEAK = YES;
				CLANG_WARN_BLOCK_CAPTURE_AUTORELEASING = YES;
				CLANG_WARN_BOOL_CONVERSION = YES;
				CLANG_WARN_COMMA = YES;
				CLANG_WARN_CONSTANT_CONVERSION = YES;
				CLANG_WARN_DEPRECATED_OBJC_IMPLEMENTATIONS = YES;
				CLANG_WARN_DIRECT_OBJC_ISA_USAGE = YES_ERROR;
				CLANG_WARN_DOCUMENTATION_COMMENTS = YES;
				CLANG_WARN_EMPTY_BODY = YES;
				CLANG_WARN_ENUM_CONVERSION = YES;
				CLANG_WARN_INFINITE_RECURSION = YES;
				CLANG_WARN_INT_CONVERSION = YES;
				CLANG_WARN_NON_LITERAL_NULL_CONVERSION = YES;
				CLANG_WARN_OBJC_IMPLICIT_RETAIN_SELF = YES;
				CLANG_WARN_OBJC_LITERAL_CONVERSION = YES;
				CLANG_WARN_OBJC_ROOT_CLASS = YES_ERROR;
				CLANG_WARN_QUOTED_INCLUDE_IN_FRAMEWORK_HEADER = YES;
				CLANG_WARN_RANGE_LOOP_ANALYSIS = YES;
				CLANG_WARN_STRICT_PROTOTYPES = YES;
				CLANG_WARN_SUSPICIOUS_MOVE = YES;
				CLANG_WARN_UNGUARDED_AVAILABILITY = YES_AGGRESSIVE;
				CLANG_WARN_UNREACHABLE_CODE = YES;
				CLANG_WARN__DUPLICATE_METHOD_MATCH = YES;
				COPY_PHASE_STRIP = NO;
				DEBUG_INFORMATION_FORMAT = dwarf;
				ENABLE_STRICT_OBJC_MSGSEND = YES;
				ENABLE_TESTABILITY = YES;
				GCC_C_LANGUAGE_STANDARD = gnu11;
				GCC_DYNAMIC_NO_PIC = NO;
				GCC_NO_COMMON_BLOCKS = YES;
				GCC_OPTIMIZATION_LEVEL = 0;
				GCC_PREPROCESSOR_DEFINITIONS = (
					"DEBUG=1",
					"$(inherited)",
				);
				GCC_WARN_64_TO_32_BIT_CONVERSION = YES;
				GCC_WARN_ABOUT_RETURN_TYPE = YES_ERROR;
				GCC_WARN_UNDECLARED_SELECTOR = YES;
				GCC_WARN_UNINITIALIZED_AUTOS = YES_AGGRESSIVE;
				GCC_WARN_UNUSED_FUNCTION = YES;
				GCC_WARN_UNUSED_VARIABLE = YES;
				IPHONEOS_DEPLOYMENT_TARGET = 16.2;
				MTL_ENABLE_DEBUG_INFO = INCLUDE_SOURCE;
				MTL_FAST_MATH = YES;
				ONLY_ACTIVE_ARCH = YES;
				SDKROOT = iphoneos;
				SWIFT_ACTIVE_COMPILATION_CONDITIONS = DEBUG;
				SWIFT_OPTIMIZATION_LEVEL = "-Onone";
			};
			name = Debug;
		};
		185D08422A8A2D920098C5D0 /* Release */ = {
			isa = XCBuildConfiguration;
			buildSettings = {
				ALWAYS_SEARCH_USER_PATHS = NO;
				CLANG_ANALYZER_NONNULL = YES;
				CLANG_ANALYZER_NUMBER_OBJECT_CONVERSION = YES_AGGRESSIVE;
				CLANG_CXX_LANGUAGE_STANDARD = "gnu++20";
				CLANG_ENABLE_MODULES = YES;
				CLANG_ENABLE_OBJC_ARC = YES;
				CLANG_ENABLE_OBJC_WEAK = YES;
				CLANG_WARN_BLOCK_CAPTURE_AUTORELEASING = YES;
				CLANG_WARN_BOOL_CONVERSION = YES;
				CLANG_WARN_COMMA = YES;
				CLANG_WARN_CONSTANT_CONVERSION = YES;
				CLANG_WARN_DEPRECATED_OBJC_IMPLEMENTATIONS = YES;
				CLANG_WARN_DIRECT_OBJC_ISA_USAGE = YES_ERROR;
				CLANG_WARN_DOCUMENTATION_COMMENTS = YES;
				CLANG_WARN_EMPTY_BODY = YES;
				CLANG_WARN_ENUM_CONVERSION = YES;
				CLANG_WARN_INFINITE_RECURSION = YES;
				CLANG_WARN_INT_CONVERSION = YES;
				CLANG_WARN_NON_LITERAL_NULL_CONVERSION = YES;
				CLANG_WARN_OBJC_IMPLICIT_RETAIN_SELF = YES;
				CLANG_WARN_OBJC_LITERAL_CONVERSION = YES;
				CLANG_WARN_OBJC_ROOT_CLASS = YES_ERROR;
				CLANG_WARN_QUOTED_INCLUDE_IN_FRAMEWORK_HEADER = YES;
				CLANG_WARN_RANGE_LOOP_ANALYSIS = YES;
				CLANG_WARN_STRICT_PROTOTYPES = YES;
				CLANG_WARN_SUSPICIOUS_MOVE = YES;
				CLANG_WARN_UNGUARDED_AVAILABILITY = YES_AGGRESSIVE;
				CLANG_WARN_UNREACHABLE_CODE = YES;
				CLANG_WARN__DUPLICATE_METHOD_MATCH = YES;
				COPY_PHASE_STRIP = NO;
				DEBUG_INFORMATION_FORMAT = "dwarf-with-dsym";
				ENABLE_NS_ASSERTIONS = NO;
				ENABLE_STRICT_OBJC_MSGSEND = YES;
				GCC_C_LANGUAGE_STANDARD = gnu11;
				GCC_NO_COMMON_BLOCKS = YES;
				GCC_WARN_64_TO_32_BIT_CONVERSION = YES;
				GCC_WARN_ABOUT_RETURN_TYPE = YES_ERROR;
				GCC_WARN_UNDECLARED_SELECTOR = YES;
				GCC_WARN_UNINITIALIZED_AUTOS = YES_AGGRESSIVE;
				GCC_WARN_UNUSED_FUNCTION = YES;
				GCC_WARN_UNUSED_VARIABLE = YES;
				IPHONEOS_DEPLOYMENT_TARGET = 16.2;
				MTL_ENABLE_DEBUG_INFO = NO;
				MTL_FAST_MATH = YES;
				SDKROOT = iphoneos;
				SWIFT_COMPILATION_MODE = wholemodule;
				SWIFT_OPTIMIZATION_LEVEL = "-O";
				VALIDATE_PRODUCT = YES;
			};
			name = Release;
		};
		185D08442A8A2D920098C5D0 /* Debug */ = {
			isa = XCBuildConfiguration;
			buildSettings = {
				ASSETCATALOG_COMPILER_APPICON_NAME = AppIcon;
				ASSETCATALOG_COMPILER_GLOBAL_ACCENT_COLOR_NAME = AccentColor;
				CODE_SIGN_STYLE = Automatic;
				CURRENT_PROJECT_VERSION = 1;
				DEVELOPMENT_TEAM = 2779FHW62H;
				GENERATE_INFOPLIST_FILE = YES;
				INFOPLIST_FILE = NewsApp/Info.plist;
				INFOPLIST_KEY_UIApplicationSupportsIndirectInputEvents = YES;
				INFOPLIST_KEY_UILaunchStoryboardName = LaunchScreen;
				INFOPLIST_KEY_UIMainStoryboardFile = Main;
				INFOPLIST_KEY_UISupportedInterfaceOrientations_iPad = "UIInterfaceOrientationPortrait UIInterfaceOrientationPortraitUpsideDown UIInterfaceOrientationLandscapeLeft UIInterfaceOrientationLandscapeRight";
				INFOPLIST_KEY_UISupportedInterfaceOrientations_iPhone = "UIInterfaceOrientationPortrait UIInterfaceOrientationLandscapeLeft UIInterfaceOrientationLandscapeRight";
				LD_RUNPATH_SEARCH_PATHS = (
					"$(inherited)",
					"@executable_path/Frameworks",
				);
				MARKETING_VERSION = 1.0;
				PRODUCT_BUNDLE_IDENTIFIER = com.tapow.NewsApp;
				PRODUCT_NAME = "$(TARGET_NAME)";
				SWIFT_EMIT_LOC_STRINGS = YES;
				SWIFT_VERSION = 5.0;
				TARGETED_DEVICE_FAMILY = "1,2";
			};
			name = Debug;
		};
		185D08452A8A2D920098C5D0 /* Release */ = {
			isa = XCBuildConfiguration;
			buildSettings = {
				ASSETCATALOG_COMPILER_APPICON_NAME = AppIcon;
				ASSETCATALOG_COMPILER_GLOBAL_ACCENT_COLOR_NAME = AccentColor;
				CODE_SIGN_STYLE = Automatic;
				CURRENT_PROJECT_VERSION = 1;
				DEVELOPMENT_TEAM = 2779FHW62H;
				GENERATE_INFOPLIST_FILE = YES;
				INFOPLIST_FILE = NewsApp/Info.plist;
				INFOPLIST_KEY_UIApplicationSupportsIndirectInputEvents = YES;
				INFOPLIST_KEY_UILaunchStoryboardName = LaunchScreen;
				INFOPLIST_KEY_UIMainStoryboardFile = Main;
				INFOPLIST_KEY_UISupportedInterfaceOrientations_iPad = "UIInterfaceOrientationPortrait UIInterfaceOrientationPortraitUpsideDown UIInterfaceOrientationLandscapeLeft UIInterfaceOrientationLandscapeRight";
				INFOPLIST_KEY_UISupportedInterfaceOrientations_iPhone = "UIInterfaceOrientationPortrait UIInterfaceOrientationLandscapeLeft UIInterfaceOrientationLandscapeRight";
				LD_RUNPATH_SEARCH_PATHS = (
					"$(inherited)",
					"@executable_path/Frameworks",
				);
				MARKETING_VERSION = 1.0;
				PRODUCT_BUNDLE_IDENTIFIER = com.tapow.NewsApp;
				PRODUCT_NAME = "$(TARGET_NAME)";
				SWIFT_EMIT_LOC_STRINGS = YES;
				SWIFT_VERSION = 5.0;
				TARGETED_DEVICE_FAMILY = "1,2";
			};
			name = Release;
		};
/* End XCBuildConfiguration section */

/* Begin XCConfigurationList section */
		185D082A2A8A2D8F0098C5D0 /* Build configuration list for PBXProject "NewsApp" */ = {
			isa = XCConfigurationList;
			buildConfigurations = (
				185D08412A8A2D920098C5D0 /* Debug */,
				185D08422A8A2D920098C5D0 /* Release */,
			);
			defaultConfigurationIsVisible = 0;
			defaultConfigurationName = Release;
		};
		185D08432A8A2D920098C5D0 /* Build configuration list for PBXNativeTarget "NewsApp" */ = {
			isa = XCConfigurationList;
			buildConfigurations = (
				185D08442A8A2D920098C5D0 /* Debug */,
				185D08452A8A2D920098C5D0 /* Release */,
			);
			defaultConfigurationIsVisible = 0;
			defaultConfigurationName = Release;
		};
/* End XCConfigurationList section */
	};
	rootObject = 185D08272A8A2D8F0098C5D0 /* Project object */;
}
